
Microsoft Visual Studio Solution File, Format Version 12.00
# Visual Studio Version 17
VisualStudioVersion = 17.5.33516.290
MinimumVisualStudioVersion = 10.0.40219.1
Project("{FAE04EC0-301F-11D3-BF4B-00C04F79EFBC}") = "GloveGUIVersion2", "GloveGUIVersion2.csproj", "{60CADF3A-8F39-4175-97C3-3CB24D5FD546}"
EndProject
Global
	GlobalSection(SolutionConfigurationPlatforms) = preSolution
		Debug|Any CPU = Debug|Any CPU
		Release|Any CPU = Release|Any CPU
	EndGlobalSection
	GlobalSection(ProjectConfigurationPlatforms) = postSolution
		{60CADF3A-8F39-4175-97C3-3CB24D5FD546}.Debug|Any CPU.ActiveCfg = Debug|Any CPU
		{60CADF3A-8F39-4175-97C3-3CB24D5FD546}.Debug|Any CPU.Build.0 = Debug|Any CPU
		{60CADF3A-8F39-4175-97C3-3CB24D5FD546}.Release|Any CPU.ActiveCfg = Release|Any CPU
		{60CADF3A-8F39-4175-97C3-3CB24D5FD546}.Release|Any CPU.Build.0 = Release|Any CPU
	EndGlobalSection
	GlobalSection(SolutionProperties) = preSolution
		HideSolutionNode = FALSE
	EndGlobalSection
	GlobalSection(ExtensibilityGlobals) = postSolution
		SolutionGuid = {A85EA371-0466-497F-8C59-1DF8425F4891}
	EndGlobalSection
EndGlobal
